
Microsoft Visual Studio Solution File, Format Version 12.00
# Visual Studio Version 17
VisualStudioVersion = 17.0.31903.59
MinimumVisualStudioVersion = 10.0.40219.1
Project("{2150E333-8FDC-42A3-9474-1A3956D46DE8}") = "src", "src", "{827E0CD3-B72D-47B6-A68D-7590B98EB39B}"
EndProject
Project("{2150E333-8FDC-42A3-9474-1A3956D46DE8}") = "Shared", "Shared", "{C8E42992-5E42-0C2B-DBFE-AA848D06431C}"
EndProject
Project("{2150E333-8FDC-42A3-9474-1A3956D46DE8}") = "Contracts", "Contracts", "{7DA348B5-9681-7436-A640-3B972169BAFB}"
EndProject
Project("{FAE04EC0-301F-11D3-BF4B-00C04F79EFBC}") = "Shared.Contracts", "src\Shared\Contracts\Shared.Contracts.csproj", "{1B5CAF43-2EA4-4C0A-B1FA-F1F6F260620F}"
EndProject
Project("{2150E333-8FDC-42A3-9474-1A3956D46DE8}") = "Proposta", "Proposta", "{90B3812B-0A2F-59B6-C3A4-691998CB7301}"
EndProject
Project("{FAE04EC0-301F-11D3-BF4B-00C04F79EFBC}") = "PropostaService.Api", "src\Proposta\PropostaService.Api\PropostaService.Api.csproj", "{6533E94D-29BF-459E-9272-7FB524040D40}"
EndProject
Project("{FAE04EC0-301F-11D3-BF4B-00C04F79EFBC}") = "PropostaService.Application", "src\Proposta\PropostaService.Application\PropostaService.Application.csproj", "{AEE98881-82D7-46D4-9104-3FCED99A6CB1}"
EndProject
Project("{FAE04EC0-301F-11D3-BF4B-00C04F79EFBC}") = "PropostaService.Domain", "src\Proposta\PropostaService.Domain\PropostaService.Domain.csproj", "{B42D5F65-0A51-412A-94A9-CD425B9603E5}"
EndProject
Project("{FAE04EC0-301F-11D3-BF4B-00C04F79EFBC}") = "PropostaService.Infrastructure", "src\Proposta\PropostaService.Infrastructure\PropostaService.Infrastructure.csproj", "{73778079-C6EE-4D40-8468-2E9ABD775C1E}"
EndProject
Project("{2150E333-8FDC-42A3-9474-1A3956D46DE8}") = "Contrato", "Contrato", "{027570A1-CB00-4994-8020-F0D0D1E90A94}"
EndProject
Project("{FAE04EC0-301F-11D3-BF4B-00C04F79EFBC}") = "ContratacaoService.Api", "src\Contrato\ContratacaoService.Api\ContratacaoService.Api.csproj", "{64316CB5-DB49-4F05-AF14-10C3D3E48E23}"
EndProject
Project("{FAE04EC0-301F-11D3-BF4B-00C04F79EFBC}") = "ContratacaoService.Application", "src\Contrato\ContratacaoService.Application\ContratacaoService.Application.csproj", "{5C8613B1-FB21-4880-9CA9-634821F41091}"
EndProject
Project("{FAE04EC0-301F-11D3-BF4B-00C04F79EFBC}") = "ContratacaoService.Domain", "src\Contrato\ContratacaoService.Domain\ContratacaoService.Domain.csproj", "{2138715B-7687-42F5-9F16-D0BE0D261596}"
EndProject
Project("{FAE04EC0-301F-11D3-BF4B-00C04F79EFBC}") = "ContratacaoService.Infrastructure", "src\Contrato\ContratacaoService.Infrastructure\ContratacaoService.Infrastructure.csproj", "{52CBDECE-D150-4331-8022-F38C42B4EDCC}"
EndProject
Project("{2150E333-8FDC-42A3-9474-1A3956D46DE8}") = "tests", "tests", "{0AB3BF05-4346-4AA6-1389-037BE0695223}"
EndProject
Project("{FAE04EC0-301F-11D3-BF4B-00C04F79EFBC}") = "PropostaService.UnitTests", "tests\PropostaService.UnitTests\PropostaService.UnitTests.csproj", "{FC995305-5895-4D7F-8FEA-DB8366F112D6}"
EndProject
Project("{FAE04EC0-301F-11D3-BF4B-00C04F79EFBC}") = "ContratacaoService.UnitTests", "tests\ContratacaoService.UnitTests\ContratacaoService.UnitTests.csproj", "{3CD8FC13-EAA1-47FA-982A-6F00B0CD8728}"
EndProject
Global
	GlobalSection(SolutionConfigurationPlatforms) = preSolution
		Debug|Any CPU = Debug|Any CPU
		Debug|x64 = Debug|x64
		Debug|x86 = Debug|x86
		Release|Any CPU = Release|Any CPU
		Release|x64 = Release|x64
		Release|x86 = Release|x86
	EndGlobalSection
	GlobalSection(ProjectConfigurationPlatforms) = postSolution
		{1B5CAF43-2EA4-4C0A-B1FA-F1F6F260620F}.Debug|Any CPU.ActiveCfg = Debug|Any CPU
		{1B5CAF43-2EA4-4C0A-B1FA-F1F6F260620F}.Debug|Any CPU.Build.0 = Debug|Any CPU
		{1B5CAF43-2EA4-4C0A-B1FA-F1F6F260620F}.Debug|x64.ActiveCfg = Debug|Any CPU
		{1B5CAF43-2EA4-4C0A-B1FA-F1F6F260620F}.Debug|x64.Build.0 = Debug|Any CPU
		{1B5CAF43-2EA4-4C0A-B1FA-F1F6F260620F}.Debug|x86.ActiveCfg = Debug|Any CPU
		{1B5CAF43-2EA4-4C0A-B1FA-F1F6F260620F}.Debug|x86.Build.0 = Debug|Any CPU
		{1B5CAF43-2EA4-4C0A-B1FA-F1F6F260620F}.Release|Any CPU.ActiveCfg = Release|Any CPU
		{1B5CAF43-2EA4-4C0A-B1FA-F1F6F260620F}.Release|Any CPU.Build.0 = Release|Any CPU
		{1B5CAF43-2EA4-4C0A-B1FA-F1F6F260620F}.Release|x64.ActiveCfg = Release|Any CPU
		{1B5CAF43-2EA4-4C0A-B1FA-F1F6F260620F}.Release|x64.Build.0 = Release|Any CPU
		{1B5CAF43-2EA4-4C0A-B1FA-F1F6F260620F}.Release|x86.ActiveCfg = Release|Any CPU
		{1B5CAF43-2EA4-4C0A-B1FA-F1F6F260620F}.Release|x86.Build.0 = Release|Any CPU
		{6533E94D-29BF-459E-9272-7FB524040D40}.Debug|Any CPU.ActiveCfg = Debug|Any CPU
		{6533E94D-29BF-459E-9272-7FB524040D40}.Debug|Any CPU.Build.0 = Debug|Any CPU
		{6533E94D-29BF-459E-9272-7FB524040D40}.Debug|x64.ActiveCfg = Debug|Any CPU
		{6533E94D-29BF-459E-9272-7FB524040D40}.Debug|x64.Build.0 = Debug|Any CPU
		{6533E94D-29BF-459E-9272-7FB524040D40}.Debug|x86.ActiveCfg = Debug|Any CPU
		{6533E94D-29BF-459E-9272-7FB524040D40}.Debug|x86.Build.0 = Debug|Any CPU
		{6533E94D-29BF-459E-9272-7FB524040D40}.Release|Any CPU.ActiveCfg = Release|Any CPU
		{6533E94D-29BF-459E-9272-7FB524040D40}.Release|Any CPU.Build.0 = Release|Any CPU
		{6533E94D-29BF-459E-9272-7FB524040D40}.Release|x64.ActiveCfg = Release|Any CPU
		{6533E94D-29BF-459E-9272-7FB524040D40}.Release|x64.Build.0 = Release|Any CPU
		{6533E94D-29BF-459E-9272-7FB524040D40}.Release|x86.ActiveCfg = Release|Any CPU
		{6533E94D-29BF-459E-9272-7FB524040D40}.Release|x86.Build.0 = Release|Any CPU
		{AEE98881-82D7-46D4-9104-3FCED99A6CB1}.Debug|Any CPU.ActiveCfg = Debug|Any CPU
		{AEE98881-82D7-46D4-9104-3FCED99A6CB1}.Debug|Any CPU.Build.0 = Debug|Any CPU
		{AEE98881-82D7-46D4-9104-3FCED99A6CB1}.Debug|x64.ActiveCfg = Debug|Any CPU
		{AEE98881-82D7-46D4-9104-3FCED99A6CB1}.Debug|x64.Build.0 = Debug|Any CPU
		{AEE98881-82D7-46D4-9104-3FCED99A6CB1}.Debug|x86.ActiveCfg = Debug|Any CPU
		{AEE98881-82D7-46D4-9104-3FCED99A6CB1}.Debug|x86.Build.0 = Debug|Any CPU
		{AEE98881-82D7-46D4-9104-3FCED99A6CB1}.Release|Any CPU.ActiveCfg = Release|Any CPU
		{AEE98881-82D7-46D4-9104-3FCED99A6CB1}.Release|Any CPU.Build.0 = Release|Any CPU
		{AEE98881-82D7-46D4-9104-3FCED99A6CB1}.Release|x64.ActiveCfg = Release|Any CPU
		{AEE98881-82D7-46D4-9104-3FCED99A6CB1}.Release|x64.Build.0 = Release|Any CPU
		{AEE98881-82D7-46D4-9104-3FCED99A6CB1}.Release|x86.ActiveCfg = Release|Any CPU
		{AEE98881-82D7-46D4-9104-3FCED99A6CB1}.Release|x86.Build.0 = Release|Any CPU
		{B42D5F65-0A51-412A-94A9-CD425B9603E5}.Debug|Any CPU.ActiveCfg = Debug|Any CPU
		{B42D5F65-0A51-412A-94A9-CD425B9603E5}.Debug|Any CPU.Build.0 = Debug|Any CPU
		{B42D5F65-0A51-412A-94A9-CD425B9603E5}.Debug|x64.ActiveCfg = Debug|Any CPU
		{B42D5F65-0A51-412A-94A9-CD425B9603E5}.Debug|x64.Build.0 = Debug|Any CPU
		{B42D5F65-0A51-412A-94A9-CD425B9603E5}.Debug|x86.ActiveCfg = Debug|Any CPU
		{B42D5F65-0A51-412A-94A9-CD425B9603E5}.Debug|x86.Build.0 = Debug|Any CPU
		{B42D5F65-0A51-412A-94A9-CD425B9603E5}.Release|Any CPU.ActiveCfg = Release|Any CPU
		{B42D5F65-0A51-412A-94A9-CD425B9603E5}.Release|Any CPU.Build.0 = Release|Any CPU
		{B42D5F65-0A51-412A-94A9-CD425B9603E5}.Release|x64.ActiveCfg = Release|Any CPU
		{B42D5F65-0A51-412A-94A9-CD425B9603E5}.Release|x64.Build.0 = Release|Any CPU
		{B42D5F65-0A51-412A-94A9-CD425B9603E5}.Release|x86.ActiveCfg = Release|Any CPU
		{B42D5F65-0A51-412A-94A9-CD425B9603E5}.Release|x86.Build.0 = Release|Any CPU
		{73778079-C6EE-4D40-8468-2E9ABD775C1E}.Debug|Any CPU.ActiveCfg = Debug|Any CPU
		{73778079-C6EE-4D40-8468-2E9ABD775C1E}.Debug|Any CPU.Build.0 = Debug|Any CPU
		{73778079-C6EE-4D40-8468-2E9ABD775C1E}.Debug|x64.ActiveCfg = Debug|Any CPU
		{73778079-C6EE-4D40-8468-2E9ABD775C1E}.Debug|x64.Build.0 = Debug|Any CPU
		{73778079-C6EE-4D40-8468-2E9ABD775C1E}.Debug|x86.ActiveCfg = Debug|Any CPU
		{73778079-C6EE-4D40-8468-2E9ABD775C1E}.Debug|x86.Build.0 = Debug|Any CPU
		{73778079-C6EE-4D40-8468-2E9ABD775C1E}.Release|Any CPU.ActiveCfg = Release|Any CPU
		{73778079-C6EE-4D40-8468-2E9ABD775C1E}.Release|Any CPU.Build.0 = Release|Any CPU
		{73778079-C6EE-4D40-8468-2E9ABD775C1E}.Release|x64.ActiveCfg = Release|Any CPU
		{73778079-C6EE-4D40-8468-2E9ABD775C1E}.Release|x64.Build.0 = Release|Any CPU
		{73778079-C6EE-4D40-8468-2E9ABD775C1E}.Release|x86.ActiveCfg = Release|Any CPU
		{73778079-C6EE-4D40-8468-2E9ABD775C1E}.Release|x86.Build.0 = Release|Any CPU
		{64316CB5-DB49-4F05-AF14-10C3D3E48E23}.Debug|Any CPU.ActiveCfg = Debug|Any CPU
		{64316CB5-DB49-4F05-AF14-10C3D3E48E23}.Debug|Any CPU.Build.0 = Debug|Any CPU
		{64316CB5-DB49-4F05-AF14-10C3D3E48E23}.Debug|x64.ActiveCfg = Debug|Any CPU
		{64316CB5-DB49-4F05-AF14-10C3D3E48E23}.Debug|x64.Build.0 = Debug|Any CPU
		{64316CB5-DB49-4F05-AF14-10C3D3E48E23}.Debug|x86.ActiveCfg = Debug|Any CPU
		{64316CB5-DB49-4F05-AF14-10C3D3E48E23}.Debug|x86.Build.0 = Debug|Any CPU
		{64316CB5-DB49-4F05-AF14-10C3D3E48E23}.Release|Any CPU.ActiveCfg = Release|Any CPU
		{64316CB5-DB49-4F05-AF14-10C3D3E48E23}.Release|Any CPU.Build.0 = Release|Any CPU
		{64316CB5-DB49-4F05-AF14-10C3D3E48E23}.Release|x64.ActiveCfg = Release|Any CPU
		{64316CB5-DB49-4F05-AF14-10C3D3E48E23}.Release|x64.Build.0 = Release|Any CPU
		{64316CB5-DB49-4F05-AF14-10C3D3E48E23}.Release|x86.ActiveCfg = Release|Any CPU
		{64316CB5-DB49-4F05-AF14-10C3D3E48E23}.Release|x86.Build.0 = Release|Any CPU
		{5C8613B1-FB21-4880-9CA9-634821F41091}.Debug|Any CPU.ActiveCfg = Debug|Any CPU
		{5C8613B1-FB21-4880-9CA9-634821F41091}.Debug|Any CPU.Build.0 = Debug|Any CPU
		{5C8613B1-FB21-4880-9CA9-634821F41091}.Debug|x64.ActiveCfg = Debug|Any CPU
		{5C8613B1-FB21-4880-9CA9-634821F41091}.Debug|x64.Build.0 = Debug|Any CPU
		{5C8613B1-FB21-4880-9CA9-634821F41091}.Debug|x86.ActiveCfg = Debug|Any CPU
		{5C8613B1-FB21-4880-9CA9-634821F41091}.Debug|x86.Build.0 = Debug|Any CPU
		{5C8613B1-FB21-4880-9CA9-634821F41091}.Release|Any CPU.ActiveCfg = Release|Any CPU
		{5C8613B1-FB21-4880-9CA9-634821F41091}.Release|Any CPU.Build.0 = Release|Any CPU
		{5C8613B1-FB21-4880-9CA9-634821F41091}.Release|x64.ActiveCfg = Release|Any CPU
		{5C8613B1-FB21-4880-9CA9-634821F41091}.Release|x64.Build.0 = Release|Any CPU
		{5C8613B1-FB21-4880-9CA9-634821F41091}.Release|x86.ActiveCfg = Release|Any CPU
		{5C8613B1-FB21-4880-9CA9-634821F41091}.Release|x86.Build.0 = Release|Any CPU
		{2138715B-7687-42F5-9F16-D0BE0D261596}.Debug|Any CPU.ActiveCfg = Debug|Any CPU
		{2138715B-7687-42F5-9F16-D0BE0D261596}.Debug|Any CPU.Build.0 = Debug|Any CPU
		{2138715B-7687-42F5-9F16-D0BE0D261596}.Debug|x64.ActiveCfg = Debug|Any CPU
		{2138715B-7687-42F5-9F16-D0BE0D261596}.Debug|x64.Build.0 = Debug|Any CPU
		{2138715B-7687-42F5-9F16-D0BE0D261596}.Debug|x86.ActiveCfg = Debug|Any CPU
		{2138715B-7687-42F5-9F16-D0BE0D261596}.Debug|x86.Build.0 = Debug|Any CPU
		{2138715B-7687-42F5-9F16-D0BE0D261596}.Release|Any CPU.ActiveCfg = Release|Any CPU
		{2138715B-7687-42F5-9F16-D0BE0D261596}.Release|Any CPU.Build.0 = Release|Any CPU
		{2138715B-7687-42F5-9F16-D0BE0D261596}.Release|x64.ActiveCfg = Release|Any CPU
		{2138715B-7687-42F5-9F16-D0BE0D261596}.Release|x64.Build.0 = Release|Any CPU
		{2138715B-7687-42F5-9F16-D0BE0D261596}.Release|x86.ActiveCfg = Release|Any CPU
		{2138715B-7687-42F5-9F16-D0BE0D261596}.Release|x86.Build.0 = Release|Any CPU
		{52CBDECE-D150-4331-8022-F38C42B4EDCC}.Debug|Any CPU.ActiveCfg = Debug|Any CPU
		{52CBDECE-D150-4331-8022-F38C42B4EDCC}.Debug|Any CPU.Build.0 = Debug|Any CPU
		{52CBDECE-D150-4331-8022-F38C42B4EDCC}.Debug|x64.ActiveCfg = Debug|Any CPU
		{52CBDECE-D150-4331-8022-F38C42B4EDCC}.Debug|x64.Build.0 = Debug|Any CPU
		{52CBDECE-D150-4331-8022-F38C42B4EDCC}.Debug|x86.ActiveCfg = Debug|Any CPU
		{52CBDECE-D150-4331-8022-F38C42B4EDCC}.Debug|x86.Build.0 = Debug|Any CPU
		{52CBDECE-D150-4331-8022-F38C42B4EDCC}.Release|Any CPU.ActiveCfg = Release|Any CPU
		{52CBDECE-D150-4331-8022-F38C42B4EDCC}.Release|Any CPU.Build.0 = Release|Any CPU
		{52CBDECE-D150-4331-8022-F38C42B4EDCC}.Release|x64.ActiveCfg = Release|Any CPU
		{52CBDECE-D150-4331-8022-F38C42B4EDCC}.Release|x64.Build.0 = Release|Any CPU
		{52CBDECE-D150-4331-8022-F38C42B4EDCC}.Release|x86.ActiveCfg = Release|Any CPU
		{52CBDECE-D150-4331-8022-F38C42B4EDCC}.Release|x86.Build.0 = Release|Any CPU
		{FC995305-5895-4D7F-8FEA-DB8366F112D6}.Debug|Any CPU.ActiveCfg = Debug|Any CPU
		{FC995305-5895-4D7F-8FEA-DB8366F112D6}.Debug|Any CPU.Build.0 = Debug|Any CPU
		{FC995305-5895-4D7F-8FEA-DB8366F112D6}.Debug|x64.ActiveCfg = Debug|Any CPU
		{FC995305-5895-4D7F-8FEA-DB8366F112D6}.Debug|x64.Build.0 = Debug|Any CPU
		{FC995305-5895-4D7F-8FEA-DB8366F112D6}.Debug|x86.ActiveCfg = Debug|Any CPU
		{FC995305-5895-4D7F-8FEA-DB8366F112D6}.Debug|x86.Build.0 = Debug|Any CPU
		{FC995305-5895-4D7F-8FEA-DB8366F112D6}.Release|Any CPU.ActiveCfg = Release|Any CPU
		{FC995305-5895-4D7F-8FEA-DB8366F112D6}.Release|Any CPU.Build.0 = Release|Any CPU
		{FC995305-5895-4D7F-8FEA-DB8366F112D6}.Release|x64.ActiveCfg = Release|Any CPU
		{FC995305-5895-4D7F-8FEA-DB8366F112D6}.Release|x64.Build.0 = Release|Any CPU
		{FC995305-5895-4D7F-8FEA-DB8366F112D6}.Release|x86.ActiveCfg = Release|Any CPU
		{FC995305-5895-4D7F-8FEA-DB8366F112D6}.Release|x86.Build.0 = Release|Any CPU
		{3CD8FC13-EAA1-47FA-982A-6F00B0CD8728}.Debug|Any CPU.ActiveCfg = Debug|Any CPU
		{3CD8FC13-EAA1-47FA-982A-6F00B0CD8728}.Debug|Any CPU.Build.0 = Debug|Any CPU
		{3CD8FC13-EAA1-47FA-982A-6F00B0CD8728}.Debug|x64.ActiveCfg = Debug|Any CPU
		{3CD8FC13-EAA1-47FA-982A-6F00B0CD8728}.Debug|x64.Build.0 = Debug|Any CPU
		{3CD8FC13-EAA1-47FA-982A-6F00B0CD8728}.Debug|x86.ActiveCfg = Debug|Any CPU
		{3CD8FC13-EAA1-47FA-982A-6F00B0CD8728}.Debug|x86.Build.0 = Debug|Any CPU
		{3CD8FC13-EAA1-47FA-982A-6F00B0CD8728}.Release|Any CPU.ActiveCfg = Release|Any CPU
		{3CD8FC13-EAA1-47FA-982A-6F00B0CD8728}.Release|Any CPU.Build.0 = Release|Any CPU
		{3CD8FC13-EAA1-47FA-982A-6F00B0CD8728}.Release|x64.ActiveCfg = Release|Any CPU
		{3CD8FC13-EAA1-47FA-982A-6F00B0CD8728}.Release|x64.Build.0 = Release|Any CPU
		{3CD8FC13-EAA1-47FA-982A-6F00B0CD8728}.Release|x86.ActiveCfg = Release|Any CPU
		{3CD8FC13-EAA1-47FA-982A-6F00B0CD8728}.Release|x86.Build.0 = Release|Any CPU
	EndGlobalSection
	GlobalSection(SolutionProperties) = preSolution
		HideSolutionNode = FALSE
	EndGlobalSection
	GlobalSection(NestedProjects) = preSolution
		{C8E42992-5E42-0C2B-DBFE-AA848D06431C} = {827E0CD3-B72D-47B6-A68D-7590B98EB39B}
		{7DA348B5-9681-7436-A640-3B972169BAFB} = {C8E42992-5E42-0C2B-DBFE-AA848D06431C}
		{1B5CAF43-2EA4-4C0A-B1FA-F1F6F260620F} = {7DA348B5-9681-7436-A640-3B972169BAFB}
		{90B3812B-0A2F-59B6-C3A4-691998CB7301} = {827E0CD3-B72D-47B6-A68D-7590B98EB39B}
		{6533E94D-29BF-459E-9272-7FB524040D40} = {90B3812B-0A2F-59B6-C3A4-691998CB7301}
		{AEE98881-82D7-46D4-9104-3FCED99A6CB1} = {90B3812B-0A2F-59B6-C3A4-691998CB7301}
		{B42D5F65-0A51-412A-94A9-CD425B9603E5} = {90B3812B-0A2F-59B6-C3A4-691998CB7301}
		{73778079-C6EE-4D40-8468-2E9ABD775C1E} = {90B3812B-0A2F-59B6-C3A4-691998CB7301}
		{027570A1-CB00-4994-8020-F0D0D1E90A94} = {827E0CD3-B72D-47B6-A68D-7590B98EB39B}
		{64316CB5-DB49-4F05-AF14-10C3D3E48E23} = {027570A1-CB00-4994-8020-F0D0D1E90A94}
		{5C8613B1-FB21-4880-9CA9-634821F41091} = {027570A1-CB00-4994-8020-F0D0D1E90A94}
		{2138715B-7687-42F5-9F16-D0BE0D261596} = {027570A1-CB00-4994-8020-F0D0D1E90A94}
		{52CBDECE-D150-4331-8022-F38C42B4EDCC} = {027570A1-CB00-4994-8020-F0D0D1E90A94}
		{FC995305-5895-4D7F-8FEA-DB8366F112D6} = {0AB3BF05-4346-4AA6-1389-037BE0695223}
		{3CD8FC13-EAA1-47FA-982A-6F00B0CD8728} = {0AB3BF05-4346-4AA6-1389-037BE0695223}
	EndGlobalSection
EndGlobal
